
Microsoft Visual Studio Solution File, Format Version 12.00
# Visual Studio Version 17
VisualStudioVersion = 17.9.34616.47
MinimumVisualStudioVersion = 10.0.40219.1
Project("{FAE04EC0-301F-11D3-BF4B-00C04F79EFBC}") = "MessageCodeExample", "MessageCodeExample\MessageCodeExample.csproj", "{FD6F45E3-59CA-47C2-9ADA-F7B4838E2130}"
EndProject
Global
	GlobalSection(SolutionConfigurationPlatforms) = preSolution
		Debug|Any CPU = Debug|Any CPU
		Release|Any CPU = Release|Any CPU
	EndGlobalSection
	GlobalSection(ProjectConfigurationPlatforms) = postSolution
		{FD6F45E3-59CA-47C2-9ADA-F7B4838E2130}.Debug|Any CPU.ActiveCfg = Debug|Any CPU
		{FD6F45E3-59CA-47C2-9ADA-F7B4838E2130}.Debug|Any CPU.Build.0 = Debug|Any CPU
		{FD6F45E3-59CA-47C2-9ADA-F7B4838E2130}.Release|Any CPU.ActiveCfg = Release|Any CPU
		{FD6F45E3-59CA-47C2-9ADA-F7B4838E2130}.Release|Any CPU.Build.0 = Release|Any CPU
	EndGlobalSection
	GlobalSection(SolutionProperties) = preSolution
		HideSolutionNode = FALSE
	EndGlobalSection
	GlobalSection(ExtensibilityGlobals) = postSolution
		SolutionGuid = {8E729783-6465-4E25-92A6-8AC0E9F33617}
	EndGlobalSection
EndGlobal
